{
  "name": "Portfolio",
  "lockfileVersion": 3,
  "requires": true,
  "packages": {
    "": {
      "dependencies": {
        "@emailjs/browser": "^4.3.3",
        "dom-generator": "^1.1.7"
      }
    },
    "node_modules/@emailjs/browser": {
      "version": "4.3.3",
      "resolved": "https://registry.npmjs.org/@emailjs/browser/-/browser-4.3.3.tgz",
      "integrity": "sha512-ltpt2S/WVREIBXptxYAVYBvXb2O6yTUYiRUWF8OLikMxlmiGsIgKpgHppikNd4Df0uAav7jCsQKcOJ3TJFUx5g==",
      "engines": {
        "node": ">=14.0.0"
      }
    },
    "node_modules/dom-generator": {
      "version": "1.1.7",
      "resolved": "https://registry.npmjs.org/dom-generator/-/dom-generator-1.1.7.tgz",
      "integrity": "sha512-NxKIjxZJaUv/MMm21PMmtfBgdJYLz9pGzHwdccFYvN+3r82k5a0Lafnuz8OZw4yzYNKQFWuA8jJws8NSBRA3pg=="
    }
  }
}
